
Microsoft Visual Studio Solution File, Format Version 12.00
# Visual Studio 2012
Project("{8BC9CEB8-8B4A-11D0-8D11-00A0C91BC942}") = "07Lyash", "07Lyash\07Lyash.vcxproj", "{967188BC-A2AE-4F86-9765-F254A194252F}"
EndProject
Global
	GlobalSection(SolutionConfigurationPlatforms) = preSolution
		Debug|Win32 = Debug|Win32
		Release|Win32 = Release|Win32
	EndGlobalSection
	GlobalSection(ProjectConfigurationPlatforms) = postSolution
		{967188BC-A2AE-4F86-9765-F254A194252F}.Debug|Win32.ActiveCfg = Debug|Win32
		{967188BC-A2AE-4F86-9765-F254A194252F}.Debug|Win32.Build.0 = Debug|Win32
		{967188BC-A2AE-4F86-9765-F254A194252F}.Release|Win32.ActiveCfg = Release|Win32
		{967188BC-A2AE-4F86-9765-F254A194252F}.Release|Win32.Build.0 = Release|Win32
	EndGlobalSection
	GlobalSection(SolutionProperties) = preSolution
		HideSolutionNode = FALSE
	EndGlobalSection
EndGlobal
